
Microsoft Visual Studio Solution File, Format Version 12.00
# Visual Studio Version 17
VisualStudioVersion = 17.13.35825.156 d17.13
MinimumVisualStudioVersion = 10.0.40219.1
Project("{FAE04EC0-301F-11D3-BF4B-00C04F79EFBC}") = "DRBackEnd", "DRBackEnd\DRBackEnd.csproj", "{28229DC6-A666-4159-932E-981F51A3498C}"
EndProject
Global
	GlobalSection(SolutionConfigurationPlatforms) = preSolution
		Debug|Any CPU = Debug|Any CPU
		Release|Any CPU = Release|Any CPU
	EndGlobalSection
	GlobalSection(ProjectConfigurationPlatforms) = postSolution
		{28229DC6-A666-4159-932E-981F51A3498C}.Debug|Any CPU.ActiveCfg = Debug|Any CPU
		{28229DC6-A666-4159-932E-981F51A3498C}.Debug|Any CPU.Build.0 = Debug|Any CPU
		{28229DC6-A666-4159-932E-981F51A3498C}.Release|Any CPU.ActiveCfg = Release|Any CPU
		{28229DC6-A666-4159-932E-981F51A3498C}.Release|Any CPU.Build.0 = Release|Any CPU
	EndGlobalSection
	GlobalSection(SolutionProperties) = preSolution
		HideSolutionNode = FALSE
	EndGlobalSection
	GlobalSection(ExtensibilityGlobals) = postSolution
		SolutionGuid = {BDBCB517-D9F6-4CEA-9BB6-2065911A951A}
	EndGlobalSection
EndGlobal
